// !$*UTF8*$!
{
	archiveVersion = 1;
	classes = {
	};
	objectVersion = 56;
	objects = {

/* Begin PBXBuildFile section */
		C93FC67B2B685B36000D37EB /* SwiftUI_Chat_ApplicationApp.swift in Sources */ = {isa = PBXBuildFile; fileRef = C93FC67A2B685B36000D37EB /* SwiftUI_Chat_ApplicationApp.swift */; };
		C93FC67D2B685B36000D37EB /* ContentView.swift in Sources */ = {isa = PBXBuildFile; fileRef = C93FC67C2B685B36000D37EB /* ContentView.swift */; };
		C93FC67F2B685B38000D37EB /* Assets.xcassets in Resources */ = {isa = PBXBuildFile; fileRef = C93FC67E2B685B38000D37EB /* Assets.xcassets */; };
		C93FC6822B685B38000D37EB /* Preview Assets.xcassets in Resources */ = {isa = PBXBuildFile; fileRef = C93FC6812B685B38000D37EB /* Preview Assets.xcassets */; };
		C93FC68C2B685B38000D37EB /* SwiftUI_Chat_ApplicationTests.swift in Sources */ = {isa = PBXBuildFile; fileRef = C93FC68B2B685B38000D37EB /* SwiftUI_Chat_ApplicationTests.swift */; };
		C93FC6962B685B38000D37EB /* SwiftUI_Chat_ApplicationUITests.swift in Sources */ = {isa = PBXBuildFile; fileRef = C93FC6952B685B38000D37EB /* SwiftUI_Chat_ApplicationUITests.swift */; };
		C93FC6982B685B38000D37EB /* SwiftUI_Chat_ApplicationUITestsLaunchTests.swift in Sources */ = {isa = PBXBuildFile; fileRef = C93FC6972B685B38000D37EB /* SwiftUI_Chat_ApplicationUITestsLaunchTests.swift */; };
		C93FC6AB2B685C14000D37EB /* LoginView.swift in Sources */ = {isa = PBXBuildFile; fileRef = C93FC6AA2B685C14000D37EB /* LoginView.swift */; };
		C93FC6AD2B685C21000D37EB /* RegisterionView.swift in Sources */ = {isa = PBXBuildFile; fileRef = C93FC6AC2B685C21000D37EB /* RegisterionView.swift */; };
		C97F0D082B712D5D00F1BB57 /* ConversationCell.swift in Sources */ = {isa = PBXBuildFile; fileRef = C97F0D072B712D5D00F1BB57 /* ConversationCell.swift */; };
		C97F0D0A2B71312A00F1BB57 /* NewMessageView.swift in Sources */ = {isa = PBXBuildFile; fileRef = C97F0D092B71312A00F1BB57 /* NewMessageView.swift */; };
		C97F0D0C2B71313800F1BB57 /* UserCell.swift in Sources */ = {isa = PBXBuildFile; fileRef = C97F0D0B2B71313800F1BB57 /* UserCell.swift */; };
		C97F0D0E2B713CB900F1BB57 /* SearchBar.swift in Sources */ = {isa = PBXBuildFile; fileRef = C97F0D0D2B713CB900F1BB57 /* SearchBar.swift */; };
		C97F0D102B713F6A00F1BB57 /* Extension.swift in Sources */ = {isa = PBXBuildFile; fileRef = C97F0D0F2B713F6A00F1BB57 /* Extension.swift */; };
		C97F0D482B72054F00F1BB57 /* ChatBubble.swift in Sources */ = {isa = PBXBuildFile; fileRef = C97F0D472B72054F00F1BB57 /* ChatBubble.swift */; };
		C97F0D4A2B72067F00F1BB57 /* MessageView.swift in Sources */ = {isa = PBXBuildFile; fileRef = C97F0D492B72067F00F1BB57 /* MessageView.swift */; };
		C97F0D4C2B720C8200F1BB57 /* CustomInputView.swift in Sources */ = {isa = PBXBuildFile; fileRef = C97F0D4B2B720C8200F1BB57 /* CustomInputView.swift */; };
		C97F0D882B72F21300F1BB57 /* Message.swift in Sources */ = {isa = PBXBuildFile; fileRef = C97F0D872B72F21200F1BB57 /* Message.swift */; };
		C97F0D8A2B72F29100F1BB57 /* ChatViewModel.swift in Sources */ = {isa = PBXBuildFile; fileRef = C97F0D892B72F29100F1BB57 /* ChatViewModel.swift */; };
		C97F0D8C2B73568A00F1BB57 /* GoogleService-Info.plist in Resources */ = {isa = PBXBuildFile; fileRef = C97F0D8B2B73568A00F1BB57 /* GoogleService-Info.plist */; };
		C97F0D912B735B3200F1BB57 /* FirebaseAnalytics in Frameworks */ = {isa = PBXBuildFile; productRef = C97F0D902B735B3200F1BB57 /* FirebaseAnalytics */; };
		C97F0D932B735B3200F1BB57 /* FirebaseAnalyticsOnDeviceConversion in Frameworks */ = {isa = PBXBuildFile; productRef = C97F0D922B735B3200F1BB57 /* FirebaseAnalyticsOnDeviceConversion */; };
		C97F0D952B735B3200F1BB57 /* FirebaseAnalyticsSwift in Frameworks */ = {isa = PBXBuildFile; productRef = C97F0D942B735B3200F1BB57 /* FirebaseAnalyticsSwift */; };
		C97F0D972B735B3200F1BB57 /* FirebaseAnalyticsWithoutAdIdSupport in Frameworks */ = {isa = PBXBuildFile; productRef = C97F0D962B735B3200F1BB57 /* FirebaseAnalyticsWithoutAdIdSupport */; };
		C97F0D992B735B3200F1BB57 /* FirebaseAppCheck in Frameworks */ = {isa = PBXBuildFile; productRef = C97F0D982B735B3200F1BB57 /* FirebaseAppCheck */; };
		C97F0D9B2B735B3200F1BB57 /* FirebaseAppDistribution-Beta in Frameworks */ = {isa = PBXBuildFile; productRef = C97F0D9A2B735B3200F1BB57 /* FirebaseAppDistribution-Beta */; };
		C97F0D9D2B735B3200F1BB57 /* FirebaseAuth in Frameworks */ = {isa = PBXBuildFile; productRef = C97F0D9C2B735B3200F1BB57 /* FirebaseAuth */; };
		C97F0D9F2B735B3200F1BB57 /* FirebaseAuthCombine-Community in Frameworks */ = {isa = PBXBuildFile; productRef = C97F0D9E2B735B3200F1BB57 /* FirebaseAuthCombine-Community */; };
		C97F0DA12B735B3200F1BB57 /* FirebaseCrashlytics in Frameworks */ = {isa = PBXBuildFile; productRef = C97F0DA02B735B3200F1BB57 /* FirebaseCrashlytics */; };
		C97F0DA32B735B3200F1BB57 /* FirebaseDatabase in Frameworks */ = {isa = PBXBuildFile; productRef = C97F0DA22B735B3200F1BB57 /* FirebaseDatabase */; };
		C97F0DA52B735B3200F1BB57 /* FirebaseDatabaseSwift in Frameworks */ = {isa = PBXBuildFile; productRef = C97F0DA42B735B3200F1BB57 /* FirebaseDatabaseSwift */; };
		C97F0DA72B735B3200F1BB57 /* FirebaseDynamicLinks in Frameworks */ = {isa = PBXBuildFile; productRef = C97F0DA62B735B3200F1BB57 /* FirebaseDynamicLinks */; };
		C97F0DA92B735B3200F1BB57 /* FirebaseFirestore in Frameworks */ = {isa = PBXBuildFile; productRef = C97F0DA82B735B3200F1BB57 /* FirebaseFirestore */; };
		C97F0DAB2B735B3200F1BB57 /* FirebaseFirestoreCombine-Community in Frameworks */ = {isa = PBXBuildFile; productRef = C97F0DAA2B735B3200F1BB57 /* FirebaseFirestoreCombine-Community */; };
		C97F0DAD2B735B3200F1BB57 /* FirebaseFirestoreSwift in Frameworks */ = {isa = PBXBuildFile; productRef = C97F0DAC2B735B3200F1BB57 /* FirebaseFirestoreSwift */; };
		C97F0DAF2B735B3200F1BB57 /* FirebaseFunctions in Frameworks */ = {isa = PBXBuildFile; productRef = C97F0DAE2B735B3200F1BB57 /* FirebaseFunctions */; };
		C97F0DB12B735B3200F1BB57 /* FirebaseFunctionsCombine-Community in Frameworks */ = {isa = PBXBuildFile; productRef = C97F0DB02B735B3200F1BB57 /* FirebaseFunctionsCombine-Community */; };
		C97F0DB32B735B3200F1BB57 /* FirebaseInAppMessaging-Beta in Frameworks */ = {isa = PBXBuildFile; productRef = C97F0DB22B735B3200F1BB57 /* FirebaseInAppMessaging-Beta */; };
		C97F0DB52B735B3200F1BB57 /* FirebaseInAppMessagingSwift-Beta in Frameworks */ = {isa = PBXBuildFile; productRef = C97F0DB42B735B3200F1BB57 /* FirebaseInAppMessagingSwift-Beta */; };
		C97F0DB72B735B3200F1BB57 /* FirebaseInstallations in Frameworks */ = {isa = PBXBuildFile; productRef = C97F0DB62B735B3200F1BB57 /* FirebaseInstallations */; };
		C97F0DB92B735B3200F1BB57 /* FirebaseMessaging in Frameworks */ = {isa = PBXBuildFile; productRef = C97F0DB82B735B3200F1BB57 /* FirebaseMessaging */; };
		C97F0DBB2B735B3200F1BB57 /* FirebaseMLModelDownloader in Frameworks */ = {isa = PBXBuildFile; productRef = C97F0DBA2B735B3200F1BB57 /* FirebaseMLModelDownloader */; };
		C97F0DBD2B735B3200F1BB57 /* FirebasePerformance in Frameworks */ = {isa = PBXBuildFile; productRef = C97F0DBC2B735B3200F1BB57 /* FirebasePerformance */; };
		C97F0DBF2B735B3200F1BB57 /* FirebaseRemoteConfig in Frameworks */ = {isa = PBXBuildFile; productRef = C97F0DBE2B735B3200F1BB57 /* FirebaseRemoteConfig */; };
		C97F0DC12B735B3200F1BB57 /* FirebaseRemoteConfigSwift in Frameworks */ = {isa = PBXBuildFile; productRef = C97F0DC02B735B3200F1BB57 /* FirebaseRemoteConfigSwift */; };
		C97F0DC32B735B3200F1BB57 /* FirebaseStorage in Frameworks */ = {isa = PBXBuildFile; productRef = C97F0DC22B735B3200F1BB57 /* FirebaseStorage */; };
		C97F0DC52B735B3200F1BB57 /* FirebaseStorageCombine-Community in Frameworks */ = {isa = PBXBuildFile; productRef = C97F0DC42B735B3200F1BB57 /* FirebaseStorageCombine-Community */; };
		C97F0DC72B735DCA00F1BB57 /* AuthViewModel.swift in Sources */ = {isa = PBXBuildFile; fileRef = C97F0DC62B735DCA00F1BB57 /* AuthViewModel.swift */; };
		C97F0DCB2B74CE3500F1BB57 /* ProfilePhotoSelectorView.swift in Sources */ = {isa = PBXBuildFile; fileRef = C97F0DCA2B74CE3500F1BB57 /* ProfilePhotoSelectorView.swift */; };
		C97F0E8C2B76278E00F1BB57 /* ImageUploader.swift in Sources */ = {isa = PBXBuildFile; fileRef = C97F0E8B2B76278E00F1BB57 /* ImageUploader.swift */; };
		C9CFE79D2B69AD8200F12858 /* CustomTextField.swift in Sources */ = {isa = PBXBuildFile; fileRef = C9CFE79C2B69AD8200F12858 /* CustomTextField.swift */; };
		C9CFE7A02B6B86D000F12858 /* MainTabView.swift in Sources */ = {isa = PBXBuildFile; fileRef = C9CFE79F2B6B86D000F12858 /* MainTabView.swift */; };
		C9CFE7A62B6B883C00F12858 /* ChatsView.swift in Sources */ = {isa = PBXBuildFile; fileRef = C9CFE7A52B6B883C00F12858 /* ChatsView.swift */; };
		C9CFE7A82B6B884B00F12858 /* SettingsView.swift in Sources */ = {isa = PBXBuildFile; fileRef = C9CFE7A72B6B884B00F12858 /* SettingsView.swift */; };
		C9CFE7AA2B6B885F00F12858 /* ChannelView.swift in Sources */ = {isa = PBXBuildFile; fileRef = C9CFE7A92B6B885F00F12858 /* ChannelView.swift */; };
		C9CFE7AE2B6B888200F12858 /* ConversationView.swift in Sources */ = {isa = PBXBuildFile; fileRef = C9CFE7AD2B6B888200F12858 /* ConversationView.swift */; };
		C9CFE7B02B6B92F000F12858 /* SettingsHeaderView.swift in Sources */ = {isa = PBXBuildFile; fileRef = C9CFE7AF2B6B92F000F12858 /* SettingsHeaderView.swift */; };
		C9CFE7B22B6B937400F12858 /* SettingsCell.swift in Sources */ = {isa = PBXBuildFile; fileRef = C9CFE7B12B6B937400F12858 /* SettingsCell.swift */; };
		C9CFE7B42B6B9D3F00F12858 /* SettingsCellViewModel.swift in Sources */ = {isa = PBXBuildFile; fileRef = C9CFE7B32B6B9D3F00F12858 /* SettingsCellViewModel.swift */; };
		C9CFE8AE2B6CE7E100F12858 /* EditProfileView.swift in Sources */ = {isa = PBXBuildFile; fileRef = C9CFE8AD2B6CE7E100F12858 /* EditProfileView.swift */; };
		C9CFE8BE2B6F89AD00F12858 /* StatusSelectorView.swift in Sources */ = {isa = PBXBuildFile; fileRef = C9CFE8BD2B6F89AD00F12858 /* StatusSelectorView.swift */; };
		C9CFE8C02B6F90BE00F12858 /* UserStatus.swift in Sources */ = {isa = PBXBuildFile; fileRef = C9CFE8BF2B6F90BE00F12858 /* UserStatus.swift */; };
		C9CFE8C22B6F9B5600F12858 /* ImagePicker.swift in Sources */ = {isa = PBXBuildFile; fileRef = C9CFE8C12B6F9B5600F12858 /* ImagePicker.swift */; };
/* End PBXBuildFile section */

/* Begin PBXContainerItemProxy section */
		C93FC6882B685B38000D37EB /* PBXContainerItemProxy */ = {
			isa = PBXContainerItemProxy;
			containerPortal = C93FC66F2B685B36000D37EB /* Project object */;
			proxyType = 1;
			remoteGlobalIDString = C93FC6762B685B36000D37EB;
			remoteInfo = "SwiftUI Chat Application";
		};
		C93FC6922B685B38000D37EB /* PBXContainerItemProxy */ = {
			isa = PBXContainerItemProxy;
			containerPortal = C93FC66F2B685B36000D37EB /* Project object */;
			proxyType = 1;
			remoteGlobalIDString = C93FC6762B685B36000D37EB;
			remoteInfo = "SwiftUI Chat Application";
		};
/* End PBXContainerItemProxy section */

/* Begin PBXFileReference section */
		C93FC6772B685B36000D37EB /* SwiftUI Chat Application.app */ = {isa = PBXFileReference; explicitFileType = wrapper.application; includeInIndex = 0; path = "SwiftUI Chat Application.app"; sourceTree = BUILT_PRODUCTS_DIR; };
		C93FC67A2B685B36000D37EB /* SwiftUI_Chat_ApplicationApp.swift */ = {isa = PBXFileReference; lastKnownFileType = sourcecode.swift; path = SwiftUI_Chat_ApplicationApp.swift; sourceTree = "<group>"; };
		C93FC67C2B685B36000D37EB /* ContentView.swift */ = {isa = PBXFileReference; lastKnownFileType = sourcecode.swift; path = ContentView.swift; sourceTree = "<group>"; };
		C93FC67E2B685B38000D37EB /* Assets.xcassets */ = {isa = PBXFileReference; lastKnownFileType = folder.assetcatalog; path = Assets.xcassets; sourceTree = "<group>"; };
		C93FC6812B685B38000D37EB /* Preview Assets.xcassets */ = {isa = PBXFileReference; lastKnownFileType = folder.assetcatalog; path = "Preview Assets.xcassets"; sourceTree = "<group>"; };
		C93FC6872B685B38000D37EB /* SwiftUI Chat ApplicationTests.xctest */ = {isa = PBXFileReference; explicitFileType = wrapper.cfbundle; includeInIndex = 0; path = "SwiftUI Chat ApplicationTests.xctest"; sourceTree = BUILT_PRODUCTS_DIR; };
		C93FC68B2B685B38000D37EB /* SwiftUI_Chat_ApplicationTests.swift */ = {isa = PBXFileReference; lastKnownFileType = sourcecode.swift; path = SwiftUI_Chat_ApplicationTests.swift; sourceTree = "<group>"; };
		C93FC6912B685B38000D37EB /* SwiftUI Chat ApplicationUITests.xctest */ = {isa = PBXFileReference; explicitFileType = wrapper.cfbundle; includeInIndex = 0; path = "SwiftUI Chat ApplicationUITests.xctest"; sourceTree = BUILT_PRODUCTS_DIR; };
		C93FC6952B685B38000D37EB /* SwiftUI_Chat_ApplicationUITests.swift */ = {isa = PBXFileReference; lastKnownFileType = sourcecode.swift; path = SwiftUI_Chat_ApplicationUITests.swift; sourceTree = "<group>"; };
		C93FC6972B685B38000D37EB /* SwiftUI_Chat_ApplicationUITestsLaunchTests.swift */ = {isa = PBXFileReference; lastKnownFileType = sourcecode.swift; path = SwiftUI_Chat_ApplicationUITestsLaunchTests.swift; sourceTree = "<group>"; };
		C93FC6AA2B685C14000D37EB /* LoginView.swift */ = {isa = PBXFileReference; lastKnownFileType = sourcecode.swift; path = LoginView.swift; sourceTree = "<group>"; };
		C93FC6AC2B685C21000D37EB /* RegisterionView.swift */ = {isa = PBXFileReference; lastKnownFileType = sourcecode.swift; path = RegisterionView.swift; sourceTree = "<group>"; };
		C97F0D072B712D5D00F1BB57 /* ConversationCell.swift */ = {isa = PBXFileReference; lastKnownFileType = sourcecode.swift; path = ConversationCell.swift; sourceTree = "<group>"; };
		C97F0D092B71312A00F1BB57 /* NewMessageView.swift */ = {isa = PBXFileReference; lastKnownFileType = sourcecode.swift; path = NewMessageView.swift; sourceTree = "<group>"; };
		C97F0D0B2B71313800F1BB57 /* UserCell.swift */ = {isa = PBXFileReference; lastKnownFileType = sourcecode.swift; path = UserCell.swift; sourceTree = "<group>"; };
		C97F0D0D2B713CB900F1BB57 /* SearchBar.swift */ = {isa = PBXFileReference; lastKnownFileType = sourcecode.swift; path = SearchBar.swift; sourceTree = "<group>"; };
		C97F0D0F2B713F6A00F1BB57 /* Extension.swift */ = {isa = PBXFileReference; lastKnownFileType = sourcecode.swift; path = Extension.swift; sourceTree = "<group>"; };
		C97F0D472B72054F00F1BB57 /* ChatBubble.swift */ = {isa = PBXFileReference; lastKnownFileType = sourcecode.swift; path = ChatBubble.swift; sourceTree = "<group>"; };
		C97F0D492B72067F00F1BB57 /* MessageView.swift */ = {isa = PBXFileReference; lastKnownFileType = sourcecode.swift; path = MessageView.swift; sourceTree = "<group>"; };
		C97F0D4B2B720C8200F1BB57 /* CustomInputView.swift */ = {isa = PBXFileReference; lastKnownFileType = sourcecode.swift; path = CustomInputView.swift; sourceTree = "<group>"; };
		C97F0D872B72F21200F1BB57 /* Message.swift */ = {isa = PBXFileReference; lastKnownFileType = sourcecode.swift; path = Message.swift; sourceTree = "<group>"; };
		C97F0D892B72F29100F1BB57 /* ChatViewModel.swift */ = {isa = PBXFileReference; lastKnownFileType = sourcecode.swift; path = ChatViewModel.swift; sourceTree = "<group>"; };
		C97F0D8B2B73568A00F1BB57 /* GoogleService-Info.plist */ = {isa = PBXFileReference; lastKnownFileType = text.plist; path = "GoogleService-Info.plist"; sourceTree = SOURCE_ROOT; };
		C97F0D8E2B73587F00F1BB57 /* SwiftUI-Chat-Application-Info.plist */ = {isa = PBXFileReference; lastKnownFileType = text.plist; path = "SwiftUI-Chat-Application-Info.plist"; sourceTree = SOURCE_ROOT; };
		C97F0DC62B735DCA00F1BB57 /* AuthViewModel.swift */ = {isa = PBXFileReference; lastKnownFileType = sourcecode.swift; path = AuthViewModel.swift; sourceTree = "<group>"; };
		C97F0DCA2B74CE3500F1BB57 /* ProfilePhotoSelectorView.swift */ = {isa = PBXFileReference; lastKnownFileType = sourcecode.swift; path = ProfilePhotoSelectorView.swift; sourceTree = "<group>"; };
		C97F0E8B2B76278E00F1BB57 /* ImageUploader.swift */ = {isa = PBXFileReference; lastKnownFileType = sourcecode.swift; path = ImageUploader.swift; sourceTree = "<group>"; };
		C9CFE79C2B69AD8200F12858 /* CustomTextField.swift */ = {isa = PBXFileReference; lastKnownFileType = sourcecode.swift; path = CustomTextField.swift; sourceTree = "<group>"; };
		C9CFE79F2B6B86D000F12858 /* MainTabView.swift */ = {isa = PBXFileReference; lastKnownFileType = sourcecode.swift; path = MainTabView.swift; sourceTree = "<group>"; };
		C9CFE7A52B6B883C00F12858 /* ChatsView.swift */ = {isa = PBXFileReference; lastKnownFileType = sourcecode.swift; path = ChatsView.swift; sourceTree = "<group>"; };
		C9CFE7A72B6B884B00F12858 /* SettingsView.swift */ = {isa = PBXFileReference; lastKnownFileType = sourcecode.swift; path = SettingsView.swift; sourceTree = "<group>"; };
		C9CFE7A92B6B885F00F12858 /* ChannelView.swift */ = {isa = PBXFileReference; lastKnownFileType = sourcecode.swift; path = ChannelView.swift; sourceTree = "<group>"; };
		C9CFE7AD2B6B888200F12858 /* ConversationView.swift */ = {isa = PBXFileReference; lastKnownFileType = sourcecode.swift; path = ConversationView.swift; sourceTree = "<group>"; };
		C9CFE7AF2B6B92F000F12858 /* SettingsHeaderView.swift */ = {isa = PBXFileReference; lastKnownFileType = sourcecode.swift; path = SettingsHeaderView.swift; sourceTree = "<group>"; };
		C9CFE7B12B6B937400F12858 /* SettingsCell.swift */ = {isa = PBXFileReference; lastKnownFileType = sourcecode.swift; path = SettingsCell.swift; sourceTree = "<group>"; };
		C9CFE7B32B6B9D3F00F12858 /* SettingsCellViewModel.swift */ = {isa = PBXFileReference; lastKnownFileType = sourcecode.swift; path = SettingsCellViewModel.swift; sourceTree = "<group>"; };
		C9CFE8AD2B6CE7E100F12858 /* EditProfileView.swift */ = {isa = PBXFileReference; lastKnownFileType = sourcecode.swift; path = EditProfileView.swift; sourceTree = "<group>"; };
		C9CFE8BD2B6F89AD00F12858 /* StatusSelectorView.swift */ = {isa = PBXFileReference; lastKnownFileType = sourcecode.swift; path = StatusSelectorView.swift; sourceTree = "<group>"; };
		C9CFE8BF2B6F90BE00F12858 /* UserStatus.swift */ = {isa = PBXFileReference; lastKnownFileType = sourcecode.swift; path = UserStatus.swift; sourceTree = "<group>"; };
		C9CFE8C12B6F9B5600F12858 /* ImagePicker.swift */ = {isa = PBXFileReference; lastKnownFileType = sourcecode.swift; path = ImagePicker.swift; sourceTree = "<group>"; };
/* End PBXFileReference section */

/* Begin PBXFrameworksBuildPhase section */
		C93FC6742B685B36000D37EB /* Frameworks */ = {
			isa = PBXFrameworksBuildPhase;
			buildActionMask = 2147483647;
			files = (
				C97F0DA32B735B3200F1BB57 /* FirebaseDatabase in Frameworks */,
				C97F0DB12B735B3200F1BB57 /* FirebaseFunctionsCombine-Community in Frameworks */,
				C97F0DA92B735B3200F1BB57 /* FirebaseFirestore in Frameworks */,
				C97F0D952B735B3200F1BB57 /* FirebaseAnalyticsSwift in Frameworks */,
				C97F0D912B735B3200F1BB57 /* FirebaseAnalytics in Frameworks */,
				C97F0D932B735B3200F1BB57 /* FirebaseAnalyticsOnDeviceConversion in Frameworks */,
				C97F0DAD2B735B3200F1BB57 /* FirebaseFirestoreSwift in Frameworks */,
				C97F0DBB2B735B3200F1BB57 /* FirebaseMLModelDownloader in Frameworks */,
				C97F0D992B735B3200F1BB57 /* FirebaseAppCheck in Frameworks */,
				C97F0D972B735B3200F1BB57 /* FirebaseAnalyticsWithoutAdIdSupport in Frameworks */,
				C97F0DB92B735B3200F1BB57 /* FirebaseMessaging in Frameworks */,
				C97F0D9D2B735B3200F1BB57 /* FirebaseAuth in Frameworks */,
				C97F0DC12B735B3200F1BB57 /* FirebaseRemoteConfigSwift in Frameworks */,
				C97F0DA12B735B3200F1BB57 /* FirebaseCrashlytics in Frameworks */,
				C97F0DB32B735B3200F1BB57 /* FirebaseInAppMessaging-Beta in Frameworks */,
				C97F0DA52B735B3200F1BB57 /* FirebaseDatabaseSwift in Frameworks */,
				C97F0DC52B735B3200F1BB57 /* FirebaseStorageCombine-Community in Frameworks */,
				C97F0DBF2B735B3200F1BB57 /* FirebaseRemoteConfig in Frameworks */,
				C97F0DAF2B735B3200F1BB57 /* FirebaseFunctions in Frameworks */,
				C97F0D9B2B735B3200F1BB57 /* FirebaseAppDistribution-Beta in Frameworks */,
				C97F0DBD2B735B3200F1BB57 /* FirebasePerformance in Frameworks */,
				C97F0D9F2B735B3200F1BB57 /* FirebaseAuthCombine-Community in Frameworks */,
				C97F0DC32B735B3200F1BB57 /* FirebaseStorage in Frameworks */,
				C97F0DB52B735B3200F1BB57 /* FirebaseInAppMessagingSwift-Beta in Frameworks */,
				C97F0DA72B735B3200F1BB57 /* FirebaseDynamicLinks in Frameworks */,
				C97F0DAB2B735B3200F1BB57 /* FirebaseFirestoreCombine-Community in Frameworks */,
				C97F0DB72B735B3200F1BB57 /* FirebaseInstallations in Frameworks */,
			);
			runOnlyForDeploymentPostprocessing = 0;
		};
		C93FC6842B685B38000D37EB /* Frameworks */ = {
			isa = PBXFrameworksBuildPhase;
			buildActionMask = 2147483647;
			files = (
			);
			runOnlyForDeploymentPostprocessing = 0;
		};
		C93FC68E2B685B38000D37EB /* Frameworks */ = {
			isa = PBXFrameworksBuildPhase;
			buildActionMask = 2147483647;
			files = (
			);
			runOnlyForDeploymentPostprocessing = 0;
		};
/* End PBXFrameworksBuildPhase section */

/* Begin PBXGroup section */
		C93FC66E2B685B36000D37EB = {
			isa = PBXGroup;
			children = (
				C93FC6792B685B36000D37EB /* SwiftUI Chat Application */,
				C93FC68A2B685B38000D37EB /* SwiftUI Chat ApplicationTests */,
				C93FC6942B685B38000D37EB /* SwiftUI Chat ApplicationUITests */,
				C93FC6782B685B36000D37EB /* Products */,
				C97F0D8F2B735B3200F1BB57 /* Frameworks */,
			);
			sourceTree = "<group>";
		};
		C93FC6782B685B36000D37EB /* Products */ = {
			isa = PBXGroup;
			children = (
				C93FC6772B685B36000D37EB /* SwiftUI Chat Application.app */,
				C93FC6872B685B38000D37EB /* SwiftUI Chat ApplicationTests.xctest */,
				C93FC6912B685B38000D37EB /* SwiftUI Chat ApplicationUITests.xctest */,
			);
			name = Products;
			sourceTree = "<group>";
		};
		C93FC6792B685B36000D37EB /* SwiftUI Chat Application */ = {
			isa = PBXGroup;
			children = (
				C97F0D8E2B73587F00F1BB57 /* SwiftUI-Chat-Application-Info.plist */,
				C97F0D8B2B73568A00F1BB57 /* GoogleService-Info.plist */,
				C93FC6A82B685B97000D37EB /* Model */,
				C93FC6A72B685B95000D37EB /* View */,
				C93FC6A62B685B90000D37EB /* ViewModel */,
				C93FC6A52B685B8E000D37EB /* API */,
				C93FC6A42B685B8B000D37EB /* Utils */,
				C93FC67A2B685B36000D37EB /* SwiftUI_Chat_ApplicationApp.swift */,
				C93FC67C2B685B36000D37EB /* ContentView.swift */,
				C93FC67E2B685B38000D37EB /* Assets.xcassets */,
				C93FC6802B685B38000D37EB /* Preview Content */,
			);
			path = "SwiftUI Chat Application";
			sourceTree = "<group>";
		};
		C93FC6802B685B38000D37EB /* Preview Content */ = {
			isa = PBXGroup;
			children = (
				C93FC6812B685B38000D37EB /* Preview Assets.xcassets */,
			);
			path = "Preview Content";
			sourceTree = "<group>";
		};
		C93FC68A2B685B38000D37EB /* SwiftUI Chat ApplicationTests */ = {
			isa = PBXGroup;
			children = (
				C93FC68B2B685B38000D37EB /* SwiftUI_Chat_ApplicationTests.swift */,
			);
			path = "SwiftUI Chat ApplicationTests";
			sourceTree = "<group>";
		};
		C93FC6942B685B38000D37EB /* SwiftUI Chat ApplicationUITests */ = {
			isa = PBXGroup;
			children = (
				C93FC6952B685B38000D37EB /* SwiftUI_Chat_ApplicationUITests.swift */,
				C93FC6972B685B38000D37EB /* SwiftUI_Chat_ApplicationUITestsLaunchTests.swift */,
			);
			path = "SwiftUI Chat ApplicationUITests";
			sourceTree = "<group>";
		};
		C93FC6A42B685B8B000D37EB /* Utils */ = {
			isa = PBXGroup;
			children = (
				C9CFE79C2B69AD8200F12858 /* CustomTextField.swift */,
				C9CFE8C12B6F9B5600F12858 /* ImagePicker.swift */,
				C97F0D0D2B713CB900F1BB57 /* SearchBar.swift */,
				C97F0D0F2B713F6A00F1BB57 /* Extension.swift */,
			);
			path = Utils;
			sourceTree = "<group>";
		};
		C93FC6A52B685B8E000D37EB /* API */ = {
			isa = PBXGroup;
			children = (
				C97F0E8B2B76278E00F1BB57 /* ImageUploader.swift */,
			);
			path = API;
			sourceTree = "<group>";
		};
		C93FC6A62B685B90000D37EB /* ViewModel */ = {
			isa = PBXGroup;
			children = (
				C9CFE7B32B6B9D3F00F12858 /* SettingsCellViewModel.swift */,
				C9CFE8BF2B6F90BE00F12858 /* UserStatus.swift */,
				C97F0D892B72F29100F1BB57 /* ChatViewModel.swift */,
				C97F0DC62B735DCA00F1BB57 /* AuthViewModel.swift */,
			);
			path = ViewModel;
			sourceTree = "<group>";
		};
		C93FC6A72B685B95000D37EB /* View */ = {
			isa = PBXGroup;
			children = (
				C9CFE7AB2B6B886900F12858 /* Conversation */,
				C9CFE7A32B6B882300F12858 /* Chats */,
				C9CFE7A22B6B881200F12858 /* Settings */,
				C9CFE7A12B6B880A00F12858 /* Channel */,
				C9CFE79E2B6B86BF00F12858 /* Main */,
				C93FC6A92B685BFC000D37EB /* Authentication */,
			);
			path = View;
			sourceTree = "<group>";
		};
		C93FC6A82B685B97000D37EB /* Model */ = {
			isa = PBXGroup;
			children = (
				C97F0D872B72F21200F1BB57 /* Message.swift */,
			);
			path = Model;
			sourceTree = "<group>";
		};
		C93FC6A92B685BFC000D37EB /* Authentication */ = {
			isa = PBXGroup;
			children = (
				C93FC6AA2B685C14000D37EB /* LoginView.swift */,
				C93FC6AC2B685C21000D37EB /* RegisterionView.swift */,
				C97F0DCA2B74CE3500F1BB57 /* ProfilePhotoSelectorView.swift */,
			);
			path = Authentication;
			sourceTree = "<group>";
		};
		C97F0D8F2B735B3200F1BB57 /* Frameworks */ = {
			isa = PBXGroup;
			children = (
			);
			name = Frameworks;
			sourceTree = "<group>";
		};
		C9CFE79E2B6B86BF00F12858 /* Main */ = {
			isa = PBXGroup;
			children = (
				C9CFE79F2B6B86D000F12858 /* MainTabView.swift */,
			);
			path = Main;
			sourceTree = "<group>";
		};
		C9CFE7A12B6B880A00F12858 /* Channel */ = {
			isa = PBXGroup;
			children = (
				C9CFE7A92B6B885F00F12858 /* ChannelView.swift */,
			);
			path = Channel;
			sourceTree = "<group>";
		};
		C9CFE7A22B6B881200F12858 /* Settings */ = {
			isa = PBXGroup;
			children = (
				C9CFE7A72B6B884B00F12858 /* SettingsView.swift */,
				C9CFE7AF2B6B92F000F12858 /* SettingsHeaderView.swift */,
				C9CFE7B12B6B937400F12858 /* SettingsCell.swift */,
				C9CFE8AD2B6CE7E100F12858 /* EditProfileView.swift */,
				C9CFE8BD2B6F89AD00F12858 /* StatusSelectorView.swift */,
			);
			path = Settings;
			sourceTree = "<group>";
		};
		C9CFE7A32B6B882300F12858 /* Chats */ = {
			isa = PBXGroup;
			children = (
				C9CFE7A52B6B883C00F12858 /* ChatsView.swift */,
				C97F0D472B72054F00F1BB57 /* ChatBubble.swift */,
				C97F0D492B72067F00F1BB57 /* MessageView.swift */,
				C97F0D4B2B720C8200F1BB57 /* CustomInputView.swift */,
			);
			path = Chats;
			sourceTree = "<group>";
		};
		C9CFE7AB2B6B886900F12858 /* Conversation */ = {
			isa = PBXGroup;
			children = (
				C9CFE7AD2B6B888200F12858 /* ConversationView.swift */,
				C97F0D072B712D5D00F1BB57 /* ConversationCell.swift */,
				C97F0D092B71312A00F1BB57 /* NewMessageView.swift */,
				C97F0D0B2B71313800F1BB57 /* UserCell.swift */,
			);
			path = Conversation;
			sourceTree = "<group>";
		};
/* End PBXGroup section */

/* Begin PBXNativeTarget section */
		C93FC6762B685B36000D37EB /* SwiftUI Chat Application */ = {
			isa = PBXNativeTarget;
			buildConfigurationList = C93FC69B2B685B38000D37EB /* Build configuration list for PBXNativeTarget "SwiftUI Chat Application" */;
			buildPhases = (
				C93FC6732B685B36000D37EB /* Sources */,
				C93FC6742B685B36000D37EB /* Frameworks */,
				C93FC6752B685B36000D37EB /* Resources */,
			);
			buildRules = (
			);
			dependencies = (
			);
			name = "SwiftUI Chat Application";
			packageProductDependencies = (
				C97F0D902B735B3200F1BB57 /* FirebaseAnalytics */,
				C97F0D922B735B3200F1BB57 /* FirebaseAnalyticsOnDeviceConversion */,
				C97F0D942B735B3200F1BB57 /* FirebaseAnalyticsSwift */,
				C97F0D962B735B3200F1BB57 /* FirebaseAnalyticsWithoutAdIdSupport */,
				C97F0D982B735B3200F1BB57 /* FirebaseAppCheck */,
				C97F0D9A2B735B3200F1BB57 /* FirebaseAppDistribution-Beta */,
				C97F0D9C2B735B3200F1BB57 /* FirebaseAuth */,
				C97F0D9E2B735B3200F1BB57 /* FirebaseAuthCombine-Community */,
				C97F0DA02B735B3200F1BB57 /* FirebaseCrashlytics */,
				C97F0DA22B735B3200F1BB57 /* FirebaseDatabase */,
				C97F0DA42B735B3200F1BB57 /* FirebaseDatabaseSwift */,
				C97F0DA62B735B3200F1BB57 /* FirebaseDynamicLinks */,
				C97F0DA82B735B3200F1BB57 /* FirebaseFirestore */,
				C97F0DAA2B735B3200F1BB57 /* FirebaseFirestoreCombine-Community */,
				C97F0DAC2B735B3200F1BB57 /* FirebaseFirestoreSwift */,
				C97F0DAE2B735B3200F1BB57 /* FirebaseFunctions */,
				C97F0DB02B735B3200F1BB57 /* FirebaseFunctionsCombine-Community */,
				C97F0DB22B735B3200F1BB57 /* FirebaseInAppMessaging-Beta */,
				C97F0DB42B735B3200F1BB57 /* FirebaseInAppMessagingSwift-Beta */,
				C97F0DB62B735B3200F1BB57 /* FirebaseInstallations */,
				C97F0DB82B735B3200F1BB57 /* FirebaseMessaging */,
				C97F0DBA2B735B3200F1BB57 /* FirebaseMLModelDownloader */,
				C97F0DBC2B735B3200F1BB57 /* FirebasePerformance */,
				C97F0DBE2B735B3200F1BB57 /* FirebaseRemoteConfig */,
				C97F0DC02B735B3200F1BB57 /* FirebaseRemoteConfigSwift */,
				C97F0DC22B735B3200F1BB57 /* FirebaseStorage */,
				C97F0DC42B735B3200F1BB57 /* FirebaseStorageCombine-Community */,
			);
			productName = "SwiftUI Chat Application";
			productReference = C93FC6772B685B36000D37EB /* SwiftUI Chat Application.app */;
			productType = "com.apple.product-type.application";
		};
		C93FC6862B685B38000D37EB /* SwiftUI Chat ApplicationTests */ = {
			isa = PBXNativeTarget;
			buildConfigurationList = C93FC69E2B685B38000D37EB /* Build configuration list for PBXNativeTarget "SwiftUI Chat ApplicationTests" */;
			buildPhases = (
				C93FC6832B685B38000D37EB /* Sources */,
				C93FC6842B685B38000D37EB /* Frameworks */,
				C93FC6852B685B38000D37EB /* Resources */,
			);
			buildRules = (
			);
			dependencies = (
				C93FC6892B685B38000D37EB /* PBXTargetDependency */,
			);
			name = "SwiftUI Chat ApplicationTests";
			productName = "SwiftUI Chat ApplicationTests";
			productReference = C93FC6872B685B38000D37EB /* SwiftUI Chat ApplicationTests.xctest */;
			productType = "com.apple.product-type.bundle.unit-test";
		};
		C93FC6902B685B38000D37EB /* SwiftUI Chat ApplicationUITests */ = {
			isa = PBXNativeTarget;
			buildConfigurationList = C93FC6A12B685B38000D37EB /* Build configuration list for PBXNativeTarget "SwiftUI Chat ApplicationUITests" */;
			buildPhases = (
				C93FC68D2B685B38000D37EB /* Sources */,
				C93FC68E2B685B38000D37EB /* Frameworks */,
				C93FC68F2B685B38000D37EB /* Resources */,
			);
			buildRules = (
			);
			dependencies = (
				C93FC6932B685B38000D37EB /* PBXTargetDependency */,
			);
			name = "SwiftUI Chat ApplicationUITests";
			productName = "SwiftUI Chat ApplicationUITests";
			productReference = C93FC6912B685B38000D37EB /* SwiftUI Chat ApplicationUITests.xctest */;
			productType = "com.apple.product-type.bundle.ui-testing";
		};
/* End PBXNativeTarget section */

/* Begin PBXProject section */
		C93FC66F2B685B36000D37EB /* Project object */ = {
			isa = PBXProject;
			attributes = {
				BuildIndependentTargetsInParallel = 1;
				LastSwiftUpdateCheck = 1520;
				LastUpgradeCheck = 1520;
				TargetAttributes = {
					C93FC6762B685B36000D37EB = {
						CreatedOnToolsVersion = 15.2;
					};
					C93FC6862B685B38000D37EB = {
						CreatedOnToolsVersion = 15.2;
						TestTargetID = C93FC6762B685B36000D37EB;
					};
					C93FC6902B685B38000D37EB = {
						CreatedOnToolsVersion = 15.2;
						TestTargetID = C93FC6762B685B36000D37EB;
					};
				};
			};
			buildConfigurationList = C93FC6722B685B36000D37EB /* Build configuration list for PBXProject "SwiftUI Chat Application" */;
			compatibilityVersion = "Xcode 14.0";
			developmentRegion = en;
			hasScannedForEncodings = 0;
			knownRegions = (
				en,
				Base,
			);
			mainGroup = C93FC66E2B685B36000D37EB;
			packageReferences = (
				C97F0D8D2B73579100F1BB57 /* XCRemoteSwiftPackageReference "firebase-ios-sdk" */,
			);
			productRefGroup = C93FC6782B685B36000D37EB /* Products */;
			projectDirPath = "";
			projectRoot = "";
			targets = (
				C93FC6762B685B36000D37EB /* SwiftUI Chat Application */,
				C93FC6862B685B38000D37EB /* SwiftUI Chat ApplicationTests */,
				C93FC6902B685B38000D37EB /* SwiftUI Chat ApplicationUITests */,
			);
		};
/* End PBXProject section */

/* Begin PBXResourcesBuildPhase section */
		C93FC6752B685B36000D37EB /* Resources */ = {
			isa = PBXResourcesBuildPhase;
			buildActionMask = 2147483647;
			files = (
				C93FC6822B685B38000D37EB /* Preview Assets.xcassets in Resources */,
				C93FC67F2B685B38000D37EB /* Assets.xcassets in Resources */,
				C97F0D8C2B73568A00F1BB57 /* GoogleService-Info.plist in Resources */,
			);
			runOnlyForDeploymentPostprocessing = 0;
		};
		C93FC6852B685B38000D37EB /* Resources */ = {
			isa = PBXResourcesBuildPhase;
			buildActionMask = 2147483647;
			files = (
			);
			runOnlyForDeploymentPostprocessing = 0;
		};
		C93FC68F2B685B38000D37EB /* Resources */ = {
			isa = PBXResourcesBuildPhase;
			buildActionMask = 2147483647;
			files = (
			);
			runOnlyForDeploymentPostprocessing = 0;
		};
/* End PBXResourcesBuildPhase section */

/* Begin PBXSourcesBuildPhase section */
		C93FC6732B685B36000D37EB /* Sources */ = {
			isa = PBXSourcesBuildPhase;
			buildActionMask = 2147483647;
			files = (
				C9CFE8C02B6F90BE00F12858 /* UserStatus.swift in Sources */,
				C9CFE8AE2B6CE7E100F12858 /* EditProfileView.swift in Sources */,
				C97F0D0A2B71312A00F1BB57 /* NewMessageView.swift in Sources */,
				C9CFE8BE2B6F89AD00F12858 /* StatusSelectorView.swift in Sources */,
				C9CFE8C22B6F9B5600F12858 /* ImagePicker.swift in Sources */,
				C9CFE7A62B6B883C00F12858 /* ChatsView.swift in Sources */,
				C9CFE7A82B6B884B00F12858 /* SettingsView.swift in Sources */,
				C97F0D8A2B72F29100F1BB57 /* ChatViewModel.swift in Sources */,
				C9CFE7B42B6B9D3F00F12858 /* SettingsCellViewModel.swift in Sources */,
				C97F0D0C2B71313800F1BB57 /* UserCell.swift in Sources */,
				C97F0D882B72F21300F1BB57 /* Message.swift in Sources */,
				C97F0D482B72054F00F1BB57 /* ChatBubble.swift in Sources */,
				C9CFE7B22B6B937400F12858 /* SettingsCell.swift in Sources */,
				C93FC6AB2B685C14000D37EB /* LoginView.swift in Sources */,
				C97F0D4A2B72067F00F1BB57 /* MessageView.swift in Sources */,
				C9CFE7B02B6B92F000F12858 /* SettingsHeaderView.swift in Sources */,
				C9CFE7AA2B6B885F00F12858 /* ChannelView.swift in Sources */,
				C97F0E8C2B76278E00F1BB57 /* ImageUploader.swift in Sources */,
				C93FC67D2B685B36000D37EB /* ContentView.swift in Sources */,
				C97F0D0E2B713CB900F1BB57 /* SearchBar.swift in Sources */,
				C97F0D102B713F6A00F1BB57 /* Extension.swift in Sources */,
				C97F0DCB2B74CE3500F1BB57 /* ProfilePhotoSelectorView.swift in Sources */,
				C97F0D4C2B720C8200F1BB57 /* CustomInputView.swift in Sources */,
				C93FC6AD2B685C21000D37EB /* RegisterionView.swift in Sources */,
				C93FC67B2B685B36000D37EB /* SwiftUI_Chat_ApplicationApp.swift in Sources */,
				C97F0D082B712D5D00F1BB57 /* ConversationCell.swift in Sources */,
				C97F0DC72B735DCA00F1BB57 /* AuthViewModel.swift in Sources */,
				C9CFE79D2B69AD8200F12858 /* CustomTextField.swift in Sources */,
				C9CFE7A02B6B86D000F12858 /* MainTabView.swift in Sources */,
				C9CFE7AE2B6B888200F12858 /* ConversationView.swift in Sources */,
			);
			runOnlyForDeploymentPostprocessing = 0;
		};
		C93FC6832B685B38000D37EB /* Sources */ = {
			isa = PBXSourcesBuildPhase;
			buildActionMask = 2147483647;
			files = (
				C93FC68C2B685B38000D37EB /* SwiftUI_Chat_ApplicationTests.swift in Sources */,
			);
			runOnlyForDeploymentPostprocessing = 0;
		};
		C93FC68D2B685B38000D37EB /* Sources */ = {
			isa = PBXSourcesBuildPhase;
			buildActionMask = 2147483647;
			files = (
				C93FC6962B685B38000D37EB /* SwiftUI_Chat_ApplicationUITests.swift in Sources */,
				C93FC6982B685B38000D37EB /* SwiftUI_Chat_ApplicationUITestsLaunchTests.swift in Sources */,
			);
			runOnlyForDeploymentPostprocessing = 0;
		};
/* End PBXSourcesBuildPhase section */

/* Begin PBXTargetDependency section */
		C93FC6892B685B38000D37EB /* PBXTargetDependency */ = {
			isa = PBXTargetDependency;
			target = C93FC6762B685B36000D37EB /* SwiftUI Chat Application */;
			targetProxy = C93FC6882B685B38000D37EB /* PBXContainerItemProxy */;
		};
		C93FC6932B685B38000D37EB /* PBXTargetDependency */ = {
			isa = PBXTargetDependency;
			target = C93FC6762B685B36000D37EB /* SwiftUI Chat Application */;
			targetProxy = C93FC6922B685B38000D37EB /* PBXContainerItemProxy */;
		};
/* End PBXTargetDependency section */

/* Begin XCBuildConfiguration section */
		C93FC6992B685B38000D37EB /* Debug */ = {
			isa = XCBuildConfiguration;
			buildSettings = {
				ALWAYS_SEARCH_USER_PATHS = NO;
				ASSETCATALOG_COMPILER_GENERATE_SWIFT_ASSET_SYMBOL_EXTENSIONS = YES;
				CLANG_ANALYZER_NONNULL = YES;
				CLANG_ANALYZER_NUMBER_OBJECT_CONVERSION = YES_AGGRESSIVE;
				CLANG_CXX_LANGUAGE_STANDARD = "gnu++20";
				CLANG_ENABLE_MODULES = YES;
				CLANG_ENABLE_OBJC_ARC = YES;
				CLANG_ENABLE_OBJC_WEAK = YES;
				CLANG_WARN_BLOCK_CAPTURE_AUTORELEASING = YES;
				CLANG_WARN_BOOL_CONVERSION = YES;
				CLANG_WARN_COMMA = YES;
				CLANG_WARN_CONSTANT_CONVERSION = YES;
				CLANG_WARN_DEPRECATED_OBJC_IMPLEMENTATIONS = YES;
				CLANG_WARN_DIRECT_OBJC_ISA_USAGE = YES_ERROR;
				CLANG_WARN_DOCUMENTATION_COMMENTS = YES;
				CLANG_WARN_EMPTY_BODY = YES;
				CLANG_WARN_ENUM_CONVERSION = YES;
				CLANG_WARN_INFINITE_RECURSION = YES;
				CLANG_WARN_INT_CONVERSION = YES;
				CLANG_WARN_NON_LITERAL_NULL_CONVERSION = YES;
				CLANG_WARN_OBJC_IMPLICIT_RETAIN_SELF = YES;
				CLANG_WARN_OBJC_LITERAL_CONVERSION = YES;
				CLANG_WARN_OBJC_ROOT_CLASS = YES_ERROR;
				CLANG_WARN_QUOTED_INCLUDE_IN_FRAMEWORK_HEADER = YES;
				CLANG_WARN_RANGE_LOOP_ANALYSIS = YES;
				CLANG_WARN_STRICT_PROTOTYPES = YES;
				CLANG_WARN_SUSPICIOUS_MOVE = YES;
				CLANG_WARN_UNGUARDED_AVAILABILITY = YES_AGGRESSIVE;
				CLANG_WARN_UNREACHABLE_CODE = YES;
				CLANG_WARN__DUPLICATE_METHOD_MATCH = YES;
				COPY_PHASE_STRIP = NO;
				DEBUG_INFORMATION_FORMAT = dwarf;
				ENABLE_STRICT_OBJC_MSGSEND = YES;
				ENABLE_TESTABILITY = YES;
				ENABLE_USER_SCRIPT_SANDBOXING = YES;
				GCC_C_LANGUAGE_STANDARD = gnu17;
				GCC_DYNAMIC_NO_PIC = NO;
				GCC_NO_COMMON_BLOCKS = YES;
				GCC_OPTIMIZATION_LEVEL = 0;
				GCC_PREPROCESSOR_DEFINITIONS = (
					"DEBUG=1",
					"$(inherited)",
				);
				GCC_WARN_64_TO_32_BIT_CONVERSION = YES;
				GCC_WARN_ABOUT_RETURN_TYPE = YES_ERROR;
				GCC_WARN_UNDECLARED_SELECTOR = YES;
				GCC_WARN_UNINITIALIZED_AUTOS = YES_AGGRESSIVE;
				GCC_WARN_UNUSED_FUNCTION = YES;
				GCC_WARN_UNUSED_VARIABLE = YES;
				IPHONEOS_DEPLOYMENT_TARGET = 17.2;
				LOCALIZATION_PREFERS_STRING_CATALOGS = YES;
				MTL_ENABLE_DEBUG_INFO = INCLUDE_SOURCE;
				MTL_FAST_MATH = YES;
				ONLY_ACTIVE_ARCH = YES;
				SDKROOT = iphoneos;
				SWIFT_ACTIVE_COMPILATION_CONDITIONS = "DEBUG $(inherited)";
				SWIFT_OPTIMIZATION_LEVEL = "-Onone";
			};
			name = Debug;
		};
		C93FC69A2B685B38000D37EB /* Release */ = {
			isa = XCBuildConfiguration;
			buildSettings = {
				ALWAYS_SEARCH_USER_PATHS = NO;
				ASSETCATALOG_COMPILER_GENERATE_SWIFT_ASSET_SYMBOL_EXTENSIONS = YES;
				CLANG_ANALYZER_NONNULL = YES;
				CLANG_ANALYZER_NUMBER_OBJECT_CONVERSION = YES_AGGRESSIVE;
				CLANG_CXX_LANGUAGE_STANDARD = "gnu++20";
				CLANG_ENABLE_MODULES = YES;
				CLANG_ENABLE_OBJC_ARC = YES;
				CLANG_ENABLE_OBJC_WEAK = YES;
				CLANG_WARN_BLOCK_CAPTURE_AUTORELEASING = YES;
				CLANG_WARN_BOOL_CONVERSION = YES;
				CLANG_WARN_COMMA = YES;
				CLANG_WARN_CONSTANT_CONVERSION = YES;
				CLANG_WARN_DEPRECATED_OBJC_IMPLEMENTATIONS = YES;
				CLANG_WARN_DIRECT_OBJC_ISA_USAGE = YES_ERROR;
				CLANG_WARN_DOCUMENTATION_COMMENTS = YES;
				CLANG_WARN_EMPTY_BODY = YES;
				CLANG_WARN_ENUM_CONVERSION = YES;
				CLANG_WARN_INFINITE_RECURSION = YES;
				CLANG_WARN_INT_CONVERSION = YES;
				CLANG_WARN_NON_LITERAL_NULL_CONVERSION = YES;
				CLANG_WARN_OBJC_IMPLICIT_RETAIN_SELF = YES;
				CLANG_WARN_OBJC_LITERAL_CONVERSION = YES;
				CLANG_WARN_OBJC_ROOT_CLASS = YES_ERROR;
				CLANG_WARN_QUOTED_INCLUDE_IN_FRAMEWORK_HEADER = YES;
				CLANG_WARN_RANGE_LOOP_ANALYSIS = YES;
				CLANG_WARN_STRICT_PROTOTYPES = YES;
				CLANG_WARN_SUSPICIOUS_MOVE = YES;
				CLANG_WARN_UNGUARDED_AVAILABILITY = YES_AGGRESSIVE;
				CLANG_WARN_UNREACHABLE_CODE = YES;
				CLANG_WARN__DUPLICATE_METHOD_MATCH = YES;
				COPY_PHASE_STRIP = NO;
				DEBUG_INFORMATION_FORMAT = "dwarf-with-dsym";
				ENABLE_NS_ASSERTIONS = NO;
				ENABLE_STRICT_OBJC_MSGSEND = YES;
				ENABLE_USER_SCRIPT_SANDBOXING = YES;
				GCC_C_LANGUAGE_STANDARD = gnu17;
				GCC_NO_COMMON_BLOCKS = YES;
				GCC_WARN_64_TO_32_BIT_CONVERSION = YES;
				GCC_WARN_ABOUT_RETURN_TYPE = YES_ERROR;
				GCC_WARN_UNDECLARED_SELECTOR = YES;
				GCC_WARN_UNINITIALIZED_AUTOS = YES_AGGRESSIVE;
				GCC_WARN_UNUSED_FUNCTION = YES;
				GCC_WARN_UNUSED_VARIABLE = YES;
				IPHONEOS_DEPLOYMENT_TARGET = 17.2;
				LOCALIZATION_PREFERS_STRING_CATALOGS = YES;
				MTL_ENABLE_DEBUG_INFO = NO;
				MTL_FAST_MATH = YES;
				SDKROOT = iphoneos;
				SWIFT_COMPILATION_MODE = wholemodule;
				VALIDATE_PRODUCT = YES;
			};
			name = Release;
		};
		C93FC69C2B685B38000D37EB /* Debug */ = {
			isa = XCBuildConfiguration;
			buildSettings = {
				ASSETCATALOG_COMPILER_APPICON_NAME = AppIcon;
				ASSETCATALOG_COMPILER_GLOBAL_ACCENT_COLOR_NAME = AccentColor;
				CODE_SIGN_STYLE = Automatic;
				CURRENT_PROJECT_VERSION = 1;
				DEVELOPMENT_ASSET_PATHS = "\"SwiftUI Chat Application/Preview Content\"";
				ENABLE_PREVIEWS = YES;
				GENERATE_INFOPLIST_FILE = YES;
				INFOPLIST_FILE = "SwiftUI-Chat-Application-Info.plist";
				INFOPLIST_KEY_UIApplicationSceneManifest_Generation = YES;
				INFOPLIST_KEY_UIApplicationSupportsIndirectInputEvents = YES;
				INFOPLIST_KEY_UILaunchScreen_Generation = YES;
				INFOPLIST_KEY_UISupportedInterfaceOrientations_iPad = "UIInterfaceOrientationPortrait UIInterfaceOrientationPortraitUpsideDown UIInterfaceOrientationLandscapeLeft UIInterfaceOrientationLandscapeRight";
				INFOPLIST_KEY_UISupportedInterfaceOrientations_iPhone = "UIInterfaceOrientationPortrait UIInterfaceOrientationLandscapeLeft UIInterfaceOrientationLandscapeRight";
				LD_RUNPATH_SEARCH_PATHS = (
					"$(inherited)",
					"@executable_path/Frameworks",
				);
				MARKETING_VERSION = 1.0;
				PRODUCT_BUNDLE_IDENTIFIER = "com.enterprice.SwiftUI-Chat-Application";
				PRODUCT_NAME = "$(TARGET_NAME)";
				SWIFT_EMIT_LOC_STRINGS = YES;
				SWIFT_VERSION = 5.0;
				TARGETED_DEVICE_FAMILY = "1,2";
			};
			name = Debug;
		};
		C93FC69D2B685B38000D37EB /* Release */ = {
			isa = XCBuildConfiguration;
			buildSettings = {
				ASSETCATALOG_COMPILER_APPICON_NAME = AppIcon;
				ASSETCATALOG_COMPILER_GLOBAL_ACCENT_COLOR_NAME = AccentColor;
				CODE_SIGN_STYLE = Automatic;
				CURRENT_PROJECT_VERSION = 1;
				DEVELOPMENT_ASSET_PATHS = "\"SwiftUI Chat Application/Preview Content\"";
				ENABLE_PREVIEWS = YES;
				GENERATE_INFOPLIST_FILE = YES;
				INFOPLIST_FILE = "SwiftUI-Chat-Application-Info.plist";
				INFOPLIST_KEY_UIApplicationSceneManifest_Generation = YES;
				INFOPLIST_KEY_UIApplicationSupportsIndirectInputEvents = YES;
				INFOPLIST_KEY_UILaunchScreen_Generation = YES;
				INFOPLIST_KEY_UISupportedInterfaceOrientations_iPad = "UIInterfaceOrientationPortrait UIInterfaceOrientationPortraitUpsideDown UIInterfaceOrientationLandscapeLeft UIInterfaceOrientationLandscapeRight";
				INFOPLIST_KEY_UISupportedInterfaceOrientations_iPhone = "UIInterfaceOrientationPortrait UIInterfaceOrientationLandscapeLeft UIInterfaceOrientationLandscapeRight";
				LD_RUNPATH_SEARCH_PATHS = (
					"$(inherited)",
					"@executable_path/Frameworks",
				);
				MARKETING_VERSION = 1.0;
				PRODUCT_BUNDLE_IDENTIFIER = "com.enterprice.SwiftUI-Chat-Application";
				PRODUCT_NAME = "$(TARGET_NAME)";
				SWIFT_EMIT_LOC_STRINGS = YES;
				SWIFT_VERSION = 5.0;
				TARGETED_DEVICE_FAMILY = "1,2";
			};
			name = Release;
		};
		C93FC69F2B685B38000D37EB /* Debug */ = {
			isa = XCBuildConfiguration;
			buildSettings = {
				ALWAYS_EMBED_SWIFT_STANDARD_LIBRARIES = YES;
				BUNDLE_LOADER = "$(TEST_HOST)";
				CODE_SIGN_STYLE = Automatic;
				CURRENT_PROJECT_VERSION = 1;
				GENERATE_INFOPLIST_FILE = YES;
				IPHONEOS_DEPLOYMENT_TARGET = 17.2;
				MARKETING_VERSION = 1.0;
				PRODUCT_BUNDLE_IDENTIFIER = "com.enterprice.SwiftUI-Chat-ApplicationTests";
				PRODUCT_NAME = "$(TARGET_NAME)";
				SWIFT_EMIT_LOC_STRINGS = NO;
				SWIFT_VERSION = 5.0;
				TARGETED_DEVICE_FAMILY = "1,2";
				TEST_HOST = "$(BUILT_PRODUCTS_DIR)/SwiftUI Chat Application.app/$(BUNDLE_EXECUTABLE_FOLDER_PATH)/SwiftUI Chat Application";
			};
			name = Debug;
		};
		C93FC6A02B685B38000D37EB /* Release */ = {
			isa = XCBuildConfiguration;
			buildSettings = {
				ALWAYS_EMBED_SWIFT_STANDARD_LIBRARIES = YES;
				BUNDLE_LOADER = "$(TEST_HOST)";
				CODE_SIGN_STYLE = Automatic;
				CURRENT_PROJECT_VERSION = 1;
				GENERATE_INFOPLIST_FILE = YES;
				IPHONEOS_DEPLOYMENT_TARGET = 17.2;
				MARKETING_VERSION = 1.0;
				PRODUCT_BUNDLE_IDENTIFIER = "com.enterprice.SwiftUI-Chat-ApplicationTests";
				PRODUCT_NAME = "$(TARGET_NAME)";
				SWIFT_EMIT_LOC_STRINGS = NO;
				SWIFT_VERSION = 5.0;
				TARGETED_DEVICE_FAMILY = "1,2";
				TEST_HOST = "$(BUILT_PRODUCTS_DIR)/SwiftUI Chat Application.app/$(BUNDLE_EXECUTABLE_FOLDER_PATH)/SwiftUI Chat Application";
			};
			name = Release;
		};
		C93FC6A22B685B38000D37EB /* Debug */ = {
			isa = XCBuildConfiguration;
			buildSettings = {
				ALWAYS_EMBED_SWIFT_STANDARD_LIBRARIES = YES;
				CODE_SIGN_STYLE = Automatic;
				CURRENT_PROJECT_VERSION = 1;
				GENERATE_INFOPLIST_FILE = YES;
				MARKETING_VERSION = 1.0;
				PRODUCT_BUNDLE_IDENTIFIER = "com.enterprice.SwiftUI-Chat-ApplicationUITests";
				PRODUCT_NAME = "$(TARGET_NAME)";
				SWIFT_EMIT_LOC_STRINGS = NO;
				SWIFT_VERSION = 5.0;
				TARGETED_DEVICE_FAMILY = "1,2";
				TEST_TARGET_NAME = "SwiftUI Chat Application";
			};
			name = Debug;
		};
		C93FC6A32B685B38000D37EB /* Release */ = {
			isa = XCBuildConfiguration;
			buildSettings = {
				ALWAYS_EMBED_SWIFT_STANDARD_LIBRARIES = YES;
				CODE_SIGN_STYLE = Automatic;
				CURRENT_PROJECT_VERSION = 1;
				GENERATE_INFOPLIST_FILE = YES;
				MARKETING_VERSION = 1.0;
				PRODUCT_BUNDLE_IDENTIFIER = "com.enterprice.SwiftUI-Chat-ApplicationUITests";
				PRODUCT_NAME = "$(TARGET_NAME)";
				SWIFT_EMIT_LOC_STRINGS = NO;
				SWIFT_VERSION = 5.0;
				TARGETED_DEVICE_FAMILY = "1,2";
				TEST_TARGET_NAME = "SwiftUI Chat Application";
			};
			name = Release;
		};
/* End XCBuildConfiguration section */

/* Begin XCConfigurationList section */
		C93FC6722B685B36000D37EB /* Build configuration list for PBXProject "SwiftUI Chat Application" */ = {
			isa = XCConfigurationList;
			buildConfigurations = (
				C93FC6992B685B38000D37EB /* Debug */,
				C93FC69A2B685B38000D37EB /* Release */,
			);
			defaultConfigurationIsVisible = 0;
			defaultConfigurationName = Release;
		};
		C93FC69B2B685B38000D37EB /* Build configuration list for PBXNativeTarget "SwiftUI Chat Application" */ = {
			isa = XCConfigurationList;
			buildConfigurations = (
				C93FC69C2B685B38000D37EB /* Debug */,
				C93FC69D2B685B38000D37EB /* Release */,
			);
			defaultConfigurationIsVisible = 0;
			defaultConfigurationName = Release;
		};
		C93FC69E2B685B38000D37EB /* Build configuration list for PBXNativeTarget "SwiftUI Chat ApplicationTests" */ = {
			isa = XCConfigurationList;
			buildConfigurations = (
				C93FC69F2B685B38000D37EB /* Debug */,
				C93FC6A02B685B38000D37EB /* Release */,
			);
			defaultConfigurationIsVisible = 0;
			defaultConfigurationName = Release;
		};
		C93FC6A12B685B38000D37EB /* Build configuration list for PBXNativeTarget "SwiftUI Chat ApplicationUITests" */ = {
			isa = XCConfigurationList;
			buildConfigurations = (
				C93FC6A22B685B38000D37EB /* Debug */,
				C93FC6A32B685B38000D37EB /* Release */,
			);
			defaultConfigurationIsVisible = 0;
			defaultConfigurationName = Release;
		};
/* End XCConfigurationList section */

/* Begin XCRemoteSwiftPackageReference section */
		C97F0D8D2B73579100F1BB57 /* XCRemoteSwiftPackageReference "firebase-ios-sdk" */ = {
			isa = XCRemoteSwiftPackageReference;
			repositoryURL = "https://github.com/firebase/firebase-ios-sdk";
			requirement = {
				kind = upToNextMajorVersion;
				minimumVersion = 10.21.0;
			};
		};
/* End XCRemoteSwiftPackageReference section */

/* Begin XCSwiftPackageProductDependency section */
		C97F0D902B735B3200F1BB57 /* FirebaseAnalytics */ = {
			isa = XCSwiftPackageProductDependency;
			package = C97F0D8D2B73579100F1BB57 /* XCRemoteSwiftPackageReference "firebase-ios-sdk" */;
			productName = FirebaseAnalytics;
		};
		C97F0D922B735B3200F1BB57 /* FirebaseAnalyticsOnDeviceConversion */ = {
			isa = XCSwiftPackageProductDependency;
			package = C97F0D8D2B73579100F1BB57 /* XCRemoteSwiftPackageReference "firebase-ios-sdk" */;
			productName = FirebaseAnalyticsOnDeviceConversion;
		};
		C97F0D942B735B3200F1BB57 /* FirebaseAnalyticsSwift */ = {
			isa = XCSwiftPackageProductDependency;
			package = C97F0D8D2B73579100F1BB57 /* XCRemoteSwiftPackageReference "firebase-ios-sdk" */;
			productName = FirebaseAnalyticsSwift;
		};
		C97F0D962B735B3200F1BB57 /* FirebaseAnalyticsWithoutAdIdSupport */ = {
			isa = XCSwiftPackageProductDependency;
			package = C97F0D8D2B73579100F1BB57 /* XCRemoteSwiftPackageReference "firebase-ios-sdk" */;
			productName = FirebaseAnalyticsWithoutAdIdSupport;
		};
		C97F0D982B735B3200F1BB57 /* FirebaseAppCheck */ = {
			isa = XCSwiftPackageProductDependency;
			package = C97F0D8D2B73579100F1BB57 /* XCRemoteSwiftPackageReference "firebase-ios-sdk" */;
			productName = FirebaseAppCheck;
		};
		C97F0D9A2B735B3200F1BB57 /* FirebaseAppDistribution-Beta */ = {
			isa = XCSwiftPackageProductDependency;
			package = C97F0D8D2B73579100F1BB57 /* XCRemoteSwiftPackageReference "firebase-ios-sdk" */;
			productName = "FirebaseAppDistribution-Beta";
		};
		C97F0D9C2B735B3200F1BB57 /* FirebaseAuth */ = {
			isa = XCSwiftPackageProductDependency;
			package = C97F0D8D2B73579100F1BB57 /* XCRemoteSwiftPackageReference "firebase-ios-sdk" */;
			productName = FirebaseAuth;
		};
		C97F0D9E2B735B3200F1BB57 /* FirebaseAuthCombine-Community */ = {
			isa = XCSwiftPackageProductDependency;
			package = C97F0D8D2B73579100F1BB57 /* XCRemoteSwiftPackageReference "firebase-ios-sdk" */;
			productName = "FirebaseAuthCombine-Community";
		};
		C97F0DA02B735B3200F1BB57 /* FirebaseCrashlytics */ = {
			isa = XCSwiftPackageProductDependency;
			package = C97F0D8D2B73579100F1BB57 /* XCRemoteSwiftPackageReference "firebase-ios-sdk" */;
			productName = FirebaseCrashlytics;
		};
		C97F0DA22B735B3200F1BB57 /* FirebaseDatabase */ = {
			isa = XCSwiftPackageProductDependency;
			package = C97F0D8D2B73579100F1BB57 /* XCRemoteSwiftPackageReference "firebase-ios-sdk" */;
			productName = FirebaseDatabase;
		};
		C97F0DA42B735B3200F1BB57 /* FirebaseDatabaseSwift */ = {
			isa = XCSwiftPackageProductDependency;
			package = C97F0D8D2B73579100F1BB57 /* XCRemoteSwiftPackageReference "firebase-ios-sdk" */;
			productName = FirebaseDatabaseSwift;
		};
		C97F0DA62B735B3200F1BB57 /* FirebaseDynamicLinks */ = {
			isa = XCSwiftPackageProductDependency;
			package = C97F0D8D2B73579100F1BB57 /* XCRemoteSwiftPackageReference "firebase-ios-sdk" */;
			productName = FirebaseDynamicLinks;
		};
		C97F0DA82B735B3200F1BB57 /* FirebaseFirestore */ = {
			isa = XCSwiftPackageProductDependency;
			package = C97F0D8D2B73579100F1BB57 /* XCRemoteSwiftPackageReference "firebase-ios-sdk" */;
			productName = FirebaseFirestore;
		};
		C97F0DAA2B735B3200F1BB57 /* FirebaseFirestoreCombine-Community */ = {
			isa = XCSwiftPackageProductDependency;
			package = C97F0D8D2B73579100F1BB57 /* XCRemoteSwiftPackageReference "firebase-ios-sdk" */;
			productName = "FirebaseFirestoreCombine-Community";
		};
		C97F0DAC2B735B3200F1BB57 /* FirebaseFirestoreSwift */ = {
			isa = XCSwiftPackageProductDependency;
			package = C97F0D8D2B73579100F1BB57 /* XCRemoteSwiftPackageReference "firebase-ios-sdk" */;
			productName = FirebaseFirestoreSwift;
		};
		C97F0DAE2B735B3200F1BB57 /* FirebaseFunctions */ = {
			isa = XCSwiftPackageProductDependency;
			package = C97F0D8D2B73579100F1BB57 /* XCRemoteSwiftPackageReference "firebase-ios-sdk" */;
			productName = FirebaseFunctions;
		};
		C97F0DB02B735B3200F1BB57 /* FirebaseFunctionsCombine-Community */ = {
			isa = XCSwiftPackageProductDependency;
			package = C97F0D8D2B73579100F1BB57 /* XCRemoteSwiftPackageReference "firebase-ios-sdk" */;
			productName = "FirebaseFunctionsCombine-Community";
		};
		C97F0DB22B735B3200F1BB57 /* FirebaseInAppMessaging-Beta */ = {
			isa = XCSwiftPackageProductDependency;
			package = C97F0D8D2B73579100F1BB57 /* XCRemoteSwiftPackageReference "firebase-ios-sdk" */;
			productName = "FirebaseInAppMessaging-Beta";
		};
		C97F0DB42B735B3200F1BB57 /* FirebaseInAppMessagingSwift-Beta */ = {
			isa = XCSwiftPackageProductDependency;
			package = C97F0D8D2B73579100F1BB57 /* XCRemoteSwiftPackageReference "firebase-ios-sdk" */;
			productName = "FirebaseInAppMessagingSwift-Beta";
		};
		C97F0DB62B735B3200F1BB57 /* FirebaseInstallations */ = {
			isa = XCSwiftPackageProductDependency;
			package = C97F0D8D2B73579100F1BB57 /* XCRemoteSwiftPackageReference "firebase-ios-sdk" */;
			productName = FirebaseInstallations;
		};
		C97F0DB82B735B3200F1BB57 /* FirebaseMessaging */ = {
			isa = XCSwiftPackageProductDependency;
			package = C97F0D8D2B73579100F1BB57 /* XCRemoteSwiftPackageReference "firebase-ios-sdk" */;
			productName = FirebaseMessaging;
		};
		C97F0DBA2B735B3200F1BB57 /* FirebaseMLModelDownloader */ = {
			isa = XCSwiftPackageProductDependency;
			package = C97F0D8D2B73579100F1BB57 /* XCRemoteSwiftPackageReference "firebase-ios-sdk" */;
			productName = FirebaseMLModelDownloader;
		};
		C97F0DBC2B735B3200F1BB57 /* FirebasePerformance */ = {
			isa = XCSwiftPackageProductDependency;
			package = C97F0D8D2B73579100F1BB57 /* XCRemoteSwiftPackageReference "firebase-ios-sdk" */;
			productName = FirebasePerformance;
		};
		C97F0DBE2B735B3200F1BB57 /* FirebaseRemoteConfig */ = {
			isa = XCSwiftPackageProductDependency;
			package = C97F0D8D2B73579100F1BB57 /* XCRemoteSwiftPackageReference "firebase-ios-sdk" */;
			productName = FirebaseRemoteConfig;
		};
		C97F0DC02B735B3200F1BB57 /* FirebaseRemoteConfigSwift */ = {
			isa = XCSwiftPackageProductDependency;
			package = C97F0D8D2B73579100F1BB57 /* XCRemoteSwiftPackageReference "firebase-ios-sdk" */;
			productName = FirebaseRemoteConfigSwift;
		};
		C97F0DC22B735B3200F1BB57 /* FirebaseStorage */ = {
			isa = XCSwiftPackageProductDependency;
			package = C97F0D8D2B73579100F1BB57 /* XCRemoteSwiftPackageReference "firebase-ios-sdk" */;
			productName = FirebaseStorage;
		};
		C97F0DC42B735B3200F1BB57 /* FirebaseStorageCombine-Community */ = {
			isa = XCSwiftPackageProductDependency;
			package = C97F0D8D2B73579100F1BB57 /* XCRemoteSwiftPackageReference "firebase-ios-sdk" */;
			productName = "FirebaseStorageCombine-Community";
		};
/* End XCSwiftPackageProductDependency section */
	};
	rootObject = C93FC66F2B685B36000D37EB /* Project object */;
}
